
Microsoft Visual Studio Solution File, Format Version 12.00
# Visual Studio Version 17
VisualStudioVersion = 17.9.34728.123
MinimumVisualStudioVersion = 10.0.40219.1
Project("{FAE04EC0-301F-11D3-BF4B-00C04F79EFBC}") = "hello_world", "hello_world\hello_world.csproj", "{1F63718C-321B-4658-94C3-AF28581F8B39}"
EndProject
Project("{9A19103F-16F7-4668-BE54-9A1E7A4F7556}") = "hello_csharp", "..\cs01_basic_app\hello_csharp\hello_csharp.csproj", "{05063EB4-83FC-43F8-B21F-90C1BD2A3618}"
EndProject
Global
	GlobalSection(SolutionConfigurationPlatforms) = preSolution
		Debug|Any CPU = Debug|Any CPU
		Release|Any CPU = Release|Any CPU
	EndGlobalSection
	GlobalSection(ProjectConfigurationPlatforms) = postSolution
		{1F63718C-321B-4658-94C3-AF28581F8B39}.Debug|Any CPU.ActiveCfg = Debug|Any CPU
		{1F63718C-321B-4658-94C3-AF28581F8B39}.Debug|Any CPU.Build.0 = Debug|Any CPU
		{1F63718C-321B-4658-94C3-AF28581F8B39}.Release|Any CPU.ActiveCfg = Release|Any CPU
		{1F63718C-321B-4658-94C3-AF28581F8B39}.Release|Any CPU.Build.0 = Release|Any CPU
		{05063EB4-83FC-43F8-B21F-90C1BD2A3618}.Debug|Any CPU.ActiveCfg = Debug|Any CPU
		{05063EB4-83FC-43F8-B21F-90C1BD2A3618}.Debug|Any CPU.Build.0 = Debug|Any CPU
		{05063EB4-83FC-43F8-B21F-90C1BD2A3618}.Release|Any CPU.ActiveCfg = Release|Any CPU
		{05063EB4-83FC-43F8-B21F-90C1BD2A3618}.Release|Any CPU.Build.0 = Release|Any CPU
	EndGlobalSection
	GlobalSection(SolutionProperties) = preSolution
		HideSolutionNode = FALSE
	EndGlobalSection
	GlobalSection(ExtensibilityGlobals) = postSolution
		SolutionGuid = {8E717DDF-C7F5-4911-A9A9-D60352E3B63F}
	EndGlobalSection
EndGlobal
