
Microsoft Visual Studio Solution File, Format Version 12.00
# Visual Studio Version 17
VisualStudioVersion = 17.9.34728.123
MinimumVisualStudioVersion = 10.0.40219.1
Project("{FAE04EC0-301F-11D3-BF4B-00C04F79EFBC}") = "ex07_collections", "ex07_collections\ex07_collections.csproj", "{A95D2AA6-6AFE-4DD8-B0FB-27BAA46373F0}"
EndProject
Project("{FAE04EC0-301F-11D3-BF4B-00C04F79EFBC}") = "ex08_generics", "ex08_generics\ex08_generics.csproj", "{CFF4652D-1268-4CE0-B0A9-230A0D98AD4F}"
EndProject
Project("{FAE04EC0-301F-11D3-BF4B-00C04F79EFBC}") = "ex09_exceptionhandlings", "ex09_exceptionhandlings\ex09_exceptionhandlings.csproj", "{2B3B188B-717C-49F5-8E28-2AC624DD9E6B}"
EndProject
Project("{FAE04EC0-301F-11D3-BF4B-00C04F79EFBC}") = "ex10_delegators", "ex10_delegators\ex10_delegators.csproj", "{704CE521-6BA5-40E0-95B7-5B42E4A25AA5}"
EndProject
Project("{FAE04EC0-301F-11D3-BF4B-00C04F79EFBC}") = "ex11_events", "ex11_events\ex11_events.csproj", "{F9CD6E32-9290-46B7-9007-74ECD4BD3B38}"
EndProject
Global
	GlobalSection(SolutionConfigurationPlatforms) = preSolution
		Debug|Any CPU = Debug|Any CPU
		Release|Any CPU = Release|Any CPU
	EndGlobalSection
	GlobalSection(ProjectConfigurationPlatforms) = postSolution
		{A95D2AA6-6AFE-4DD8-B0FB-27BAA46373F0}.Debug|Any CPU.ActiveCfg = Debug|Any CPU
		{A95D2AA6-6AFE-4DD8-B0FB-27BAA46373F0}.Debug|Any CPU.Build.0 = Debug|Any CPU
		{A95D2AA6-6AFE-4DD8-B0FB-27BAA46373F0}.Release|Any CPU.ActiveCfg = Release|Any CPU
		{A95D2AA6-6AFE-4DD8-B0FB-27BAA46373F0}.Release|Any CPU.Build.0 = Release|Any CPU
		{CFF4652D-1268-4CE0-B0A9-230A0D98AD4F}.Debug|Any CPU.ActiveCfg = Debug|Any CPU
		{CFF4652D-1268-4CE0-B0A9-230A0D98AD4F}.Debug|Any CPU.Build.0 = Debug|Any CPU
		{CFF4652D-1268-4CE0-B0A9-230A0D98AD4F}.Release|Any CPU.ActiveCfg = Release|Any CPU
		{CFF4652D-1268-4CE0-B0A9-230A0D98AD4F}.Release|Any CPU.Build.0 = Release|Any CPU
		{2B3B188B-717C-49F5-8E28-2AC624DD9E6B}.Debug|Any CPU.ActiveCfg = Debug|Any CPU
		{2B3B188B-717C-49F5-8E28-2AC624DD9E6B}.Debug|Any CPU.Build.0 = Debug|Any CPU
		{2B3B188B-717C-49F5-8E28-2AC624DD9E6B}.Release|Any CPU.ActiveCfg = Release|Any CPU
		{2B3B188B-717C-49F5-8E28-2AC624DD9E6B}.Release|Any CPU.Build.0 = Release|Any CPU
		{704CE521-6BA5-40E0-95B7-5B42E4A25AA5}.Debug|Any CPU.ActiveCfg = Debug|Any CPU
		{704CE521-6BA5-40E0-95B7-5B42E4A25AA5}.Debug|Any CPU.Build.0 = Debug|Any CPU
		{704CE521-6BA5-40E0-95B7-5B42E4A25AA5}.Release|Any CPU.ActiveCfg = Release|Any CPU
		{704CE521-6BA5-40E0-95B7-5B42E4A25AA5}.Release|Any CPU.Build.0 = Release|Any CPU
		{F9CD6E32-9290-46B7-9007-74ECD4BD3B38}.Debug|Any CPU.ActiveCfg = Debug|Any CPU
		{F9CD6E32-9290-46B7-9007-74ECD4BD3B38}.Debug|Any CPU.Build.0 = Debug|Any CPU
		{F9CD6E32-9290-46B7-9007-74ECD4BD3B38}.Release|Any CPU.ActiveCfg = Release|Any CPU
		{F9CD6E32-9290-46B7-9007-74ECD4BD3B38}.Release|Any CPU.Build.0 = Release|Any CPU
	EndGlobalSection
	GlobalSection(SolutionProperties) = preSolution
		HideSolutionNode = FALSE
	EndGlobalSection
	GlobalSection(ExtensibilityGlobals) = postSolution
		SolutionGuid = {C261EDAF-AC0D-4C98-9FF9-EBBAD6AC578C}
	EndGlobalSection
EndGlobal
